
Microsoft Visual Studio Solution File, Format Version 12.00
# Visual Studio Version 16
VisualStudioVersion = 16.0.31613.86
MinimumVisualStudioVersion = 10.0.40219.1
Project("{FAE04EC0-301F-11D3-BF4B-00C04F79EFBC}") = "ToDoIt", "ToDoIt\ToDoIt.csproj", "{72890BD2-0D64-4850-9762-9C1C4ED3B6FE}"
EndProject
Project("{FAE04EC0-301F-11D3-BF4B-00C04F79EFBC}") = "ToDoIt.Tests", "ToDoIt.Tests\ToDoIt.Tests.csproj", "{688552B2-5A8B-4C8F-A08D-FC728C3FBDDA}"
EndProject
Global
	GlobalSection(SolutionConfigurationPlatforms) = preSolution
		Debug|Any CPU = Debug|Any CPU
		Release|Any CPU = Release|Any CPU
	EndGlobalSection
	GlobalSection(ProjectConfigurationPlatforms) = postSolution
		{72890BD2-0D64-4850-9762-9C1C4ED3B6FE}.Debug|Any CPU.ActiveCfg = Debug|Any CPU
		{72890BD2-0D64-4850-9762-9C1C4ED3B6FE}.Debug|Any CPU.Build.0 = Debug|Any CPU
		{72890BD2-0D64-4850-9762-9C1C4ED3B6FE}.Release|Any CPU.ActiveCfg = Release|Any CPU
		{72890BD2-0D64-4850-9762-9C1C4ED3B6FE}.Release|Any CPU.Build.0 = Release|Any CPU
		{688552B2-5A8B-4C8F-A08D-FC728C3FBDDA}.Debug|Any CPU.ActiveCfg = Debug|Any CPU
		{688552B2-5A8B-4C8F-A08D-FC728C3FBDDA}.Debug|Any CPU.Build.0 = Debug|Any CPU
		{688552B2-5A8B-4C8F-A08D-FC728C3FBDDA}.Release|Any CPU.ActiveCfg = Release|Any CPU
		{688552B2-5A8B-4C8F-A08D-FC728C3FBDDA}.Release|Any CPU.Build.0 = Release|Any CPU
	EndGlobalSection
	GlobalSection(SolutionProperties) = preSolution
		HideSolutionNode = FALSE
	EndGlobalSection
	GlobalSection(ExtensibilityGlobals) = postSolution
		SolutionGuid = {EA0086F8-5A40-4B22-82FC-4752FF17FBEA}
	EndGlobalSection
EndGlobal
